
Microsoft Visual Studio Solution File, Format Version 12.00
# Visual Studio 15
VisualStudioVersion = 15.0.27130.2010
MinimumVisualStudioVersion = 10.0.40219.1
Project("{FAE04EC0-301F-11D3-BF4B-00C04F79EFBC}") = "LearnPatterns", "LearnPatterns\LearnPatterns.csproj", "{201EF455-B4F8-4787-A74B-48C35CD263B8}"
EndProject
Global
	GlobalSection(SolutionConfigurationPlatforms) = preSolution
		Debug|Any CPU = Debug|Any CPU
		Release|Any CPU = Release|Any CPU
	EndGlobalSection
	GlobalSection(ProjectConfigurationPlatforms) = postSolution
		{201EF455-B4F8-4787-A74B-48C35CD263B8}.Debug|Any CPU.ActiveCfg = Debug|Any CPU
		{201EF455-B4F8-4787-A74B-48C35CD263B8}.Debug|Any CPU.Build.0 = Debug|Any CPU
		{201EF455-B4F8-4787-A74B-48C35CD263B8}.Release|Any CPU.ActiveCfg = Release|Any CPU
		{201EF455-B4F8-4787-A74B-48C35CD263B8}.Release|Any CPU.Build.0 = Release|Any CPU
	EndGlobalSection
	GlobalSection(SolutionProperties) = preSolution
		HideSolutionNode = FALSE
	EndGlobalSection
	GlobalSection(ExtensibilityGlobals) = postSolution
		SolutionGuid = {1660B235-57AF-48CB-8EA8-E92D0BFD4ABE}
	EndGlobalSection
EndGlobal
